// !$*UTF8*$!
{
	archiveVersion = 1;
	classes = {
	};
	objectVersion = 46;
	objects = {

/* Begin PBXBuildFile section */
		1D60589B0D05DD56006BFB54 /* main.m in Sources */ = {isa = PBXBuildFile; fileRef = 29B97316FDCFA39411CA2CEA /* main.m */; };
		1D60589F0D05DD5A006BFB54 /* Foundation.framework in Frameworks */ = {isa = PBXBuildFile; fileRef = 1D30AB110D05D00D00671497 /* Foundation.framework */; };
		1DF5F4E00D08C38300B7A737 /* UIKit.framework in Frameworks */ = {isa = PBXBuildFile; fileRef = 1DF5F4DF0D08C38300B7A737 /* UIKit.framework */; };
		288765FD0DF74451002DB57D /* CoreGraphics.framework in Frameworks */ = {isa = PBXBuildFile; fileRef = 288765FC0DF74451002DB57D /* CoreGraphics.framework */; };
		450A670411D27B9D00014BF5 /* QuartzCore.framework in Frameworks */ = {isa = PBXBuildFile; fileRef = 450A670311D27B9D00014BF5 /* QuartzCore.framework */; };
		4513ACFB19C4A1FB004916D1 /* AppIcon-180.png in Resources */ = {isa = PBXBuildFile; fileRef = 4513ACFA19C4A1FB004916D1 /* AppIcon-180.png */; };
		4521AB3F19C5EE6000B16688 /* PracticalLockPicking-Export.png in Resources */ = {isa = PBXBuildFile; fileRef = 4521AB3D19C5EE6000B16688 /* PracticalLockPicking-Export.png */; };
		4521AB4019C5EE6000B16688 /* PracticalLockPicking-Export@2x.png in Resources */ = {isa = PBXBuildFile; fileRef = 4521AB3E19C5EE6000B16688 /* PracticalLockPicking-Export@2x.png */; };
		4524A6EE1C500F2F00D7DF7F /* AppIcon-167.png in Resources */ = {isa = PBXBuildFile; fileRef = 4524A6ED1C500F2F00D7DF7F /* AppIcon-167.png */; };
		4524A6F01C5011D700D7DF7F /* PracticalLockPicking-App.storyboard in Resources */ = {isa = PBXBuildFile; fileRef = 4524A6EF1C5011D700D7DF7F /* PracticalLockPicking-App.storyboard */; };
		4541A9D8122EA716001A5E60 /* Localizable.strings in Resources */ = {isa = PBXBuildFile; fileRef = 4541A9D7122EA716001A5E60 /* Localizable.strings */; };
		4544394817FDD5E700781873 /* AppIcon-076.png in Resources */ = {isa = PBXBuildFile; fileRef = 4544394517FDD5E700781873 /* AppIcon-076.png */; };
		4544394917FDD5E700781873 /* AppIcon-120.png in Resources */ = {isa = PBXBuildFile; fileRef = 4544394617FDD5E700781873 /* AppIcon-120.png */; };
		4544394A17FDD5E700781873 /* AppIcon-152.png in Resources */ = {isa = PBXBuildFile; fileRef = 4544394717FDD5E700781873 /* AppIcon-152.png */; };
		4544D87C1610A3C2003DB132 /* Default-568h@2x.png in Resources */ = {isa = PBXBuildFile; fileRef = 4544D87B1610A3C2003DB132 /* Default-568h@2x.png */; };
		4555C74C14211A00005F448D /* PracticalLockPickingBookDelegate.m in Sources */ = {isa = PBXBuildFile; fileRef = 4555C74B14211A00005F448D /* PracticalLockPickingBookDelegate.m */; };
		455C7891142687CA0053D73B /* UIXToolbarView.m in Sources */ = {isa = PBXBuildFile; fileRef = 455C7890142687CA0053D73B /* UIXToolbarView.m */; };
		455C789D14268F6A0053D73B /* PracticalLockPicking-Button-H.png in Resources */ = {isa = PBXBuildFile; fileRef = 455C789914268F6A0053D73B /* PracticalLockPicking-Button-H.png */; };
		455C789E14268F6A0053D73B /* PracticalLockPicking-Button-H@2x.png in Resources */ = {isa = PBXBuildFile; fileRef = 455C789A14268F6A0053D73B /* PracticalLockPicking-Button-H@2x.png */; };
		455C789F14268F6A0053D73B /* PracticalLockPicking-Button-N.png in Resources */ = {isa = PBXBuildFile; fileRef = 455C789B14268F6A0053D73B /* PracticalLockPicking-Button-N.png */; };
		455C78A014268F6A0053D73B /* PracticalLockPicking-Button-N@2x.png in Resources */ = {isa = PBXBuildFile; fileRef = 455C789C14268F6A0053D73B /* PracticalLockPicking-Button-N@2x.png */; };
		45699AB31A321F6100808606 /* Default-667h@2x.png in Resources */ = {isa = PBXBuildFile; fileRef = 45699AAF1A321F6100808606 /* Default-667h@2x.png */; };
		45699AB41A321F6100808606 /* Default-736h@3x.png in Resources */ = {isa = PBXBuildFile; fileRef = 45699AB01A321F6100808606 /* Default-736h@3x.png */; };
		4583767F1533B0AC003CD230 /* AppIcon-144.png in Resources */ = {isa = PBXBuildFile; fileRef = 4583767E1533B0AC003CD230 /* AppIcon-144.png */; };
		458DDFD7140D45FA00C5DA94 /* ImageIO.framework in Frameworks */ = {isa = PBXBuildFile; fileRef = 458DDFD6140D45FA00C5DA94 /* ImageIO.framework */; };
		45AB72C6141FBFCA003524C3 /* AppIcon-057.png in Resources */ = {isa = PBXBuildFile; fileRef = 45AB72B9141FBFCA003524C3 /* AppIcon-057.png */; };
		45AB72C7141FBFCA003524C3 /* AppIcon-072.png in Resources */ = {isa = PBXBuildFile; fileRef = 45AB72BA141FBFCA003524C3 /* AppIcon-072.png */; };
		45AB72C8141FBFCA003524C3 /* AppIcon-114.png in Resources */ = {isa = PBXBuildFile; fileRef = 45AB72BB141FBFCA003524C3 /* AppIcon-114.png */; };
		45AB72C9141FBFCA003524C3 /* PracticalLockPicking-Email.png in Resources */ = {isa = PBXBuildFile; fileRef = 45AB72BC141FBFCA003524C3 /* PracticalLockPicking-Email.png */; };
		45AB72CA141FBFCA003524C3 /* PracticalLockPicking-Email@2x.png in Resources */ = {isa = PBXBuildFile; fileRef = 45AB72BD141FBFCA003524C3 /* PracticalLockPicking-Email@2x.png */; };
		45AB72CB141FBFCA003524C3 /* PracticalLockPicking-Mark-N.png in Resources */ = {isa = PBXBuildFile; fileRef = 45AB72BE141FBFCA003524C3 /* PracticalLockPicking-Mark-N.png */; };
		45AB72CC141FBFCA003524C3 /* PracticalLockPicking-Mark-N@2x.png in Resources */ = {isa = PBXBuildFile; fileRef = 45AB72BF141FBFCA003524C3 /* PracticalLockPicking-Mark-N@2x.png */; };
		45AB72CD141FBFCA003524C3 /* PracticalLockPicking-Mark-Y.png in Resources */ = {isa = PBXBuildFile; fileRef = 45AB72C0141FBFCA003524C3 /* PracticalLockPicking-Mark-Y.png */; };
		45AB72CE141FBFCA003524C3 /* PracticalLockPicking-Mark-Y@2x.png in Resources */ = {isa = PBXBuildFile; fileRef = 45AB72C1141FBFCA003524C3 /* PracticalLockPicking-Mark-Y@2x.png */; };
		45AB72CF141FBFCA003524C3 /* PracticalLockPicking-Print.png in Resources */ = {isa = PBXBuildFile; fileRef = 45AB72C2141FBFCA003524C3 /* PracticalLockPicking-Print.png */; };
		45AB72D0141FBFCA003524C3 /* PracticalLockPicking-Print@2x.png in Resources */ = {isa = PBXBuildFile; fileRef = 45AB72C3141FBFCA003524C3 /* PracticalLockPicking-Print@2x.png */; };
		45AB72D1141FBFCA003524C3 /* PracticalLockPicking-Thumbs.png in Resources */ = {isa = PBXBuildFile; fileRef = 45AB72C4141FBFCA003524C3 /* PracticalLockPicking-Thumbs.png */; };
		45AB72D2141FBFCA003524C3 /* PracticalLockPicking-Thumbs@2x.png in Resources */ = {isa = PBXBuildFile; fileRef = 45AB72C5141FBFCA003524C3 /* PracticalLockPicking-Thumbs@2x.png */; };
		45AB72DC141FC039003524C3 /* PracticalLockPicking.pdf in Resources */ = {isa = PBXBuildFile; fileRef = 45AB72DB141FC039003524C3 /* PracticalLockPicking.pdf */; };
		45AB72EB141FC0A2003524C3 /* PracticalLockPickingAppDelegate.m in Sources */ = {isa = PBXBuildFile; fileRef = 45AB72E8141FC0A2003524C3 /* PracticalLockPickingAppDelegate.m */; };
		45AB72EC141FC0A2003524C3 /* PracticalLockPickingDemoController.m in Sources */ = {isa = PBXBuildFile; fileRef = 45AB72EA141FC0A2003524C3 /* PracticalLockPickingDemoController.m */; };
		45AB7313141FC0B1003524C3 /* CGPDFDocument.m in Sources */ = {isa = PBXBuildFile; fileRef = 45AB72EE141FC0B1003524C3 /* CGPDFDocument.m */; };
		45AB7314141FC0B1003524C3 /* PracticalLockPickingConstants.m in Sources */ = {isa = PBXBuildFile; fileRef = 45AB72F0141FC0B1003524C3 /* PracticalLockPickingConstants.m */; };
		45AB7315141FC0B1003524C3 /* PracticalLockPickingContentPage.m in Sources */ = {isa = PBXBuildFile; fileRef = 45AB72F2141FC0B1003524C3 /* PracticalLockPickingContentPage.m */; };
		45AB7316141FC0B1003524C3 /* PracticalLockPickingContentTile.m in Sources */ = {isa = PBXBuildFile; fileRef = 45AB72F4141FC0B1003524C3 /* PracticalLockPickingContentTile.m */; };
		45AB7317141FC0B1003524C3 /* PracticalLockPickingContentView.m in Sources */ = {isa = PBXBuildFile; fileRef = 45AB72F6141FC0B1003524C3 /* PracticalLockPickingContentView.m */; };
		45AB7318141FC0B1003524C3 /* PracticalLockPickingDocument.m in Sources */ = {isa = PBXBuildFile; fileRef = 45AB72F8141FC0B1003524C3 /* PracticalLockPickingDocument.m */; };
		45AB7319141FC0B1003524C3 /* PracticalLockPickingMainPagebar.m in Sources */ = {isa = PBXBuildFile; fileRef = 45AB72FA141FC0B1003524C3 /* PracticalLockPickingMainPagebar.m */; };
		45AB731A141FC0B1003524C3 /* PracticalLockPickingMainToolbar.m in Sources */ = {isa = PBXBuildFile; fileRef = 45AB72FC141FC0B1003524C3 /* PracticalLockPickingMainToolbar.m */; };
		45AB731C141FC0B1003524C3 /* PracticalLockPickingThumbCache.m in Sources */ = {isa = PBXBuildFile; fileRef = 45AB7300141FC0B1003524C3 /* PracticalLockPickingThumbCache.m */; };
		45AB731D141FC0B1003524C3 /* PracticalLockPickingThumbFetch.m in Sources */ = {isa = PBXBuildFile; fileRef = 45AB7302141FC0B1003524C3 /* PracticalLockPickingThumbFetch.m */; };
		45AB731E141FC0B1003524C3 /* PracticalLockPickingThumbQueue.m in Sources */ = {isa = PBXBuildFile; fileRef = 45AB7304141FC0B1003524C3 /* PracticalLockPickingThumbQueue.m */; };
		45AB731F141FC0B1003524C3 /* PracticalLockPickingThumbRender.m in Sources */ = {isa = PBXBuildFile; fileRef = 45AB7306141FC0B1003524C3 /* PracticalLockPickingThumbRender.m */; };
		45AB7320141FC0B1003524C3 /* PracticalLockPickingThumbRequest.m in Sources */ = {isa = PBXBuildFile; fileRef = 45AB7308141FC0B1003524C3 /* PracticalLockPickingThumbRequest.m */; };
		45AB7321141FC0B1003524C3 /* PracticalLockPickingThumbsView.m in Sources */ = {isa = PBXBuildFile; fileRef = 45AB730A141FC0B1003524C3 /* PracticalLockPickingThumbsView.m */; };
		45AB7322141FC0B1003524C3 /* PracticalLockPickingThumbView.m in Sources */ = {isa = PBXBuildFile; fileRef = 45AB730C141FC0B1003524C3 /* PracticalLockPickingThumbView.m */; };
		45AB7323141FC0B1003524C3 /* PracticalLockPickingViewController.m in Sources */ = {isa = PBXBuildFile; fileRef = 45AB730E141FC0B1003524C3 /* PracticalLockPickingViewController.m */; };
		45AB7324141FC0B1003524C3 /* ThumbsMainToolbar.m in Sources */ = {isa = PBXBuildFile; fileRef = 45AB7310141FC0B1003524C3 /* ThumbsMainToolbar.m */; };
		45AB7325141FC0B1003524C3 /* ThumbsViewController.m in Sources */ = {isa = PBXBuildFile; fileRef = 45AB7312141FC0B1003524C3 /* ThumbsViewController.m */; };
		45BD5AFE13AE721A00D6FE97 /* MessageUI.framework in Frameworks */ = {isa = PBXBuildFile; fileRef = 45BD5AFD13AE721A00D6FE97 /* MessageUI.framework */; };
		45D5ADA31610EADD00706B9A /* PracticalLockPickingDocumentOutline.m in Sources */ = {isa = PBXBuildFile; fileRef = 45D5ADA21610EADC00706B9A /* PracticalLockPickingDocumentOutline.m */; };
		45D984371C501B0300ADFD5E /* PracticalLockPicking-Button-H@3x.png in Resources */ = {isa = PBXBuildFile; fileRef = 45D9842F1C501B0300ADFD5E /* PracticalLockPicking-Button-H@3x.png */; };
		45D984381C501B0300ADFD5E /* PracticalLockPicking-Button-N@3x.png in Resources */ = {isa = PBXBuildFile; fileRef = 45D984301C501B0300ADFD5E /* PracticalLockPicking-Button-N@3x.png */; };
		45D984391C501B0300ADFD5E /* PracticalLockPicking-Email@3x.png in Resources */ = {isa = PBXBuildFile; fileRef = 45D984311C501B0300ADFD5E /* PracticalLockPicking-Email@3x.png */; };
		45D9843A1C501B0300ADFD5E /* PracticalLockPicking-Export@3x.png in Resources */ = {isa = PBXBuildFile; fileRef = 45D984321C501B0300ADFD5E /* PracticalLockPicking-Export@3x.png */; };
		45D9843B1C501B0300ADFD5E /* PracticalLockPicking-Mark-N@3x.png in Resources */ = {isa = PBXBuildFile; fileRef = 45D984331C501B0300ADFD5E /* PracticalLockPicking-Mark-N@3x.png */; };
		45D9843C1C501B0300ADFD5E /* PracticalLockPicking-Mark-Y@3x.png in Resources */ = {isa = PBXBuildFile; fileRef = 45D984341C501B0300ADFD5E /* PracticalLockPicking-Mark-Y@3x.png */; };
		45D9843D1C501B0300ADFD5E /* PracticalLockPicking-Print@3x.png in Resources */ = {isa = PBXBuildFile; fileRef = 45D984351C501B0300ADFD5E /* PracticalLockPicking-Print@3x.png */; };
		45D9843E1C501B0300ADFD5E /* PracticalLockPicking-Thumbs@3x.png in Resources */ = {isa = PBXBuildFile; fileRef = 45D984361C501B0300ADFD5E /* PracticalLockPicking-Thumbs@3x.png */; };
		48B2A11E1CF0329100567A7C /* 1aa6d0d27c09f49d510d522edf00c4a3c9943e13.pdf in Resources */ = {isa = PBXBuildFile; fileRef = 48B2A11D1CF0329100567A7C /* 1aa6d0d27c09f49d510d522edf00c4a3c9943e13.pdf */; };
/* End PBXBuildFile section */

/* Begin PBXFileReference section */
		1D30AB110D05D00D00671497 /* Foundation.framework */ = {isa = PBXFileReference; lastKnownFileType = wrapper.framework; name = Foundation.framework; path = System/Library/Frameworks/Foundation.framework; sourceTree = SDKROOT; };
		1D6058910D05DD3D006BFB54 /* PracticalLockPicking.app */ = {isa = PBXFileReference; explicitFileType = wrapper.application; includeInIndex = 0; path = PracticalLockPicking.app; sourceTree = BUILT_PRODUCTS_DIR; };
		1DF5F4DF0D08C38300B7A737 /* UIKit.framework */ = {isa = PBXFileReference; lastKnownFileType = wrapper.framework; name = UIKit.framework; path = System/Library/Frameworks/UIKit.framework; sourceTree = SDKROOT; };
		288765FC0DF74451002DB57D /* CoreGraphics.framework */ = {isa = PBXFileReference; lastKnownFileType = wrapper.framework; name = CoreGraphics.framework; path = System/Library/Frameworks/CoreGraphics.framework; sourceTree = SDKROOT; };
		29B97316FDCFA39411CA2CEA /* main.m */ = {isa = PBXFileReference; fileEncoding = 4; lastKnownFileType = sourcecode.c.objc; path = main.m; sourceTree = "<group>"; };
		32CA4F630368D1EE00C91783 /* PracticalLockPicking-Prefix.pch */ = {isa = PBXFileReference; fileEncoding = 4; lastKnownFileType = sourcecode.c.h; path = "PracticalLockPicking-Prefix.pch"; sourceTree = "<group>"; };
		450A670311D27B9D00014BF5 /* QuartzCore.framework */ = {isa = PBXFileReference; lastKnownFileType = wrapper.framework; name = QuartzCore.framework; path = System/Library/Frameworks/QuartzCore.framework; sourceTree = SDKROOT; };
		4513ACFA19C4A1FB004916D1 /* AppIcon-180.png */ = {isa = PBXFileReference; lastKnownFileType = image.png; name = "AppIcon-180.png"; path = "Graphics/AppIcon-180.png"; sourceTree = "<group>"; };
		4513ACFC19C4A636004916D1 /* Todo.txt */ = {isa = PBXFileReference; fileEncoding = 4; lastKnownFileType = text; path = Todo.txt; sourceTree = "<group>"; };
		4521AB3D19C5EE6000B16688 /* PracticalLockPicking-Export.png */ = {isa = PBXFileReference; lastKnownFileType = image.png; name = "PracticalLockPicking-Export.png"; path = "Graphics/PracticalLockPicking-Export.png"; sourceTree = "<group>"; };
		4521AB3E19C5EE6000B16688 /* PracticalLockPicking-Export@2x.png */ = {isa = PBXFileReference; lastKnownFileType = image.png; name = "PracticalLockPicking-Export@2x.png"; path = "Graphics/PracticalLockPicking-Export@2x.png"; sourceTree = "<group>"; };
		4524A6ED1C500F2F00D7DF7F /* AppIcon-167.png */ = {isa = PBXFileReference; lastKnownFileType = image.png; name = "AppIcon-167.png"; path = "Graphics/AppIcon-167.png"; sourceTree = "<group>"; };
		4524A6EF1C5011D700D7DF7F /* PracticalLockPicking-App.storyboard */ = {isa = PBXFileReference; fileEncoding = 4; lastKnownFileType = file.storyboard; name = "PracticalLockPicking-App.storyboard"; path = "Resources/PracticalLockPicking-App.storyboard"; sourceTree = "<group>"; };
		4541A9D5122EA686001A5E60 /* en */ = {isa = PBXFileReference; fileEncoding = 10; indentWidth = 4; lastKnownFileType = text.plist.strings; name = en; path = Resources/en.lproj/Localizable.strings; sourceTree = "<group>"; tabWidth = 4; };
		4544394517FDD5E700781873 /* AppIcon-076.png */ = {isa = PBXFileReference; lastKnownFileType = image.png; name = "AppIcon-076.png"; path = "Graphics/AppIcon-076.png"; sourceTree = "<group>"; };
		4544394617FDD5E700781873 /* AppIcon-120.png */ = {isa = PBXFileReference; lastKnownFileType = image.png; name = "AppIcon-120.png"; path = "Graphics/AppIcon-120.png"; sourceTree = "<group>"; };
		4544394717FDD5E700781873 /* AppIcon-152.png */ = {isa = PBXFileReference; lastKnownFileType = image.png; name = "AppIcon-152.png"; path = "Graphics/AppIcon-152.png"; sourceTree = "<group>"; };
		4544D87B1610A3C2003DB132 /* Default-568h@2x.png */ = {isa = PBXFileReference; lastKnownFileType = image.png; name = "Default-568h@2x.png"; path = "Graphics/Default-568h@2x.png"; sourceTree = "<group>"; };
		4555C74A14211A00005F448D /* PracticalLockPickingBookDelegate.h */ = {isa = PBXFileReference; fileEncoding = 4; lastKnownFileType = sourcecode.c.h; path = PracticalLockPickingBookDelegate.h; sourceTree = "<group>"; };
		4555C74B14211A00005F448D /* PracticalLockPickingBookDelegate.m */ = {isa = PBXFileReference; fileEncoding = 4; lastKnownFileType = sourcecode.c.objc; path = PracticalLockPickingBookDelegate.m; sourceTree = "<group>"; };
		455C788F142687CA0053D73B /* UIXToolbarView.h */ = {isa = PBXFileReference; fileEncoding = 4; lastKnownFileType = sourcecode.c.h; name = UIXToolbarView.h; path = Sources/UIXToolbarView.h; sourceTree = "<group>"; };
		455C7890142687CA0053D73B /* UIXToolbarView.m */ = {isa = PBXFileReference; fileEncoding = 4; lastKnownFileType = sourcecode.c.objc; name = UIXToolbarView.m; path = Sources/UIXToolbarView.m; sourceTree = "<group>"; };
		455C789914268F6A0053D73B /* PracticalLockPicking-Button-H.png */ = {isa = PBXFileReference; lastKnownFileType = image.png; name = "PracticalLockPicking-Button-H.png"; path = "Graphics/PracticalLockPicking-Button-H.png"; sourceTree = "<group>"; };
		455C789A14268F6A0053D73B /* PracticalLockPicking-Button-H@2x.png */ = {isa = PBXFileReference; lastKnownFileType = image.png; name = "PracticalLockPicking-Button-H@2x.png"; path = "Graphics/PracticalLockPicking-Button-H@2x.png"; sourceTree = "<group>"; };
		455C789B14268F6A0053D73B /* PracticalLockPicking-Button-N.png */ = {isa = PBXFileReference; lastKnownFileType = image.png; name = "PracticalLockPicking-Button-N.png"; path = "Graphics/PracticalLockPicking-Button-N.png"; sourceTree = "<group>"; };
		455C789C14268F6A0053D73B /* PracticalLockPicking-Button-N@2x.png */ = {isa = PBXFileReference; lastKnownFileType = image.png; name = "PracticalLockPicking-Button-N@2x.png"; path = "Graphics/PracticalLockPicking-Button-N@2x.png"; sourceTree = "<group>"; };
		45699AAF1A321F6100808606 /* Default-667h@2x.png */ = {isa = PBXFileReference; lastKnownFileType = image.png; name = "Default-667h@2x.png"; path = "Graphics/Default-667h@2x.png"; sourceTree = "<group>"; };
		45699AB01A321F6100808606 /* Default-736h@3x.png */ = {isa = PBXFileReference; lastKnownFileType = image.png; name = "Default-736h@3x.png"; path = "Graphics/Default-736h@3x.png"; sourceTree = "<group>"; };
		4583767E1533B0AC003CD230 /* AppIcon-144.png */ = {isa = PBXFileReference; lastKnownFileType = image.png; name = "AppIcon-144.png"; path = "Graphics/AppIcon-144.png"; sourceTree = "<group>"; };
		458BF155143E077500CDF567 /* de */ = {isa = PBXFileReference; lastKnownFileType = text.plist.strings; name = de; path = Resources/de.lproj/Localizable.strings; sourceTree = "<group>"; };
		458DDFD6140D45FA00C5DA94 /* ImageIO.framework */ = {isa = PBXFileReference; lastKnownFileType = wrapper.framework; name = ImageIO.framework; path = System/Library/Frameworks/ImageIO.framework; sourceTree = SDKROOT; };
		458F25911AC1D417000716F1 /* fr */ = {isa = PBXFileReference; lastKnownFileType = text.plist.strings; name = fr; path = Resources/fr.lproj/Localizable.strings; sourceTree = "<group>"; };
		458F25921AC1D425000716F1 /* es */ = {isa = PBXFileReference; lastKnownFileType = text.plist.strings; name = es; path = Resources/es.lproj/Localizable.strings; sourceTree = "<group>"; };
		45AB72B9141FBFCA003524C3 /* AppIcon-057.png */ = {isa = PBXFileReference; lastKnownFileType = image.png; name = "AppIcon-057.png"; path = "Graphics/AppIcon-057.png"; sourceTree = "<group>"; };
		45AB72BA141FBFCA003524C3 /* AppIcon-072.png */ = {isa = PBXFileReference; lastKnownFileType = image.png; name = "AppIcon-072.png"; path = "Graphics/AppIcon-072.png"; sourceTree = "<group>"; };
		45AB72BB141FBFCA003524C3 /* AppIcon-114.png */ = {isa = PBXFileReference; lastKnownFileType = image.png; name = "AppIcon-114.png"; path = "Graphics/AppIcon-114.png"; sourceTree = "<group>"; };
		45AB72BC141FBFCA003524C3 /* PracticalLockPicking-Email.png */ = {isa = PBXFileReference; lastKnownFileType = image.png; name = "PracticalLockPicking-Email.png"; path = "Graphics/PracticalLockPicking-Email.png"; sourceTree = "<group>"; };
		45AB72BD141FBFCA003524C3 /* PracticalLockPicking-Email@2x.png */ = {isa = PBXFileReference; lastKnownFileType = image.png; name = "PracticalLockPicking-Email@2x.png"; path = "Graphics/PracticalLockPicking-Email@2x.png"; sourceTree = "<group>"; };
		45AB72BE141FBFCA003524C3 /* PracticalLockPicking-Mark-N.png */ = {isa = PBXFileReference; lastKnownFileType = image.png; name = "PracticalLockPicking-Mark-N.png"; path = "Graphics/PracticalLockPicking-Mark-N.png"; sourceTree = "<group>"; };
		45AB72BF141FBFCA003524C3 /* PracticalLockPicking-Mark-N@2x.png */ = {isa = PBXFileReference; lastKnownFileType = image.png; name = "PracticalLockPicking-Mark-N@2x.png"; path = "Graphics/PracticalLockPicking-Mark-N@2x.png"; sourceTree = "<group>"; };
		45AB72C0141FBFCA003524C3 /* PracticalLockPicking-Mark-Y.png */ = {isa = PBXFileReference; lastKnownFileType = image.png; name = "PracticalLockPicking-Mark-Y.png"; path = "Graphics/PracticalLockPicking-Mark-Y.png"; sourceTree = "<group>"; };
		45AB72C1141FBFCA003524C3 /* PracticalLockPicking-Mark-Y@2x.png */ = {isa = PBXFileReference; lastKnownFileType = image.png; name = "PracticalLockPicking-Mark-Y@2x.png"; path = "Graphics/PracticalLockPicking-Mark-Y@2x.png"; sourceTree = "<group>"; };
		45AB72C2141FBFCA003524C3 /* PracticalLockPicking-Print.png */ = {isa = PBXFileReference; lastKnownFileType = image.png; name = "PracticalLockPicking-Print.png"; path = "Graphics/PracticalLockPicking-Print.png"; sourceTree = "<group>"; };
		45AB72C3141FBFCA003524C3 /* PracticalLockPicking-Print@2x.png */ = {isa = PBXFileReference; lastKnownFileType = image.png; name = "PracticalLockPicking-Print@2x.png"; path = "Graphics/PracticalLockPicking-Print@2x.png"; sourceTree = "<group>"; };
		45AB72C4141FBFCA003524C3 /* PracticalLockPicking-Thumbs.png */ = {isa = PBXFileReference; lastKnownFileType = image.png; name = "PracticalLockPicking-Thumbs.png"; path = "Graphics/PracticalLockPicking-Thumbs.png"; sourceTree = "<group>"; };
		45AB72C5141FBFCA003524C3 /* PracticalLockPicking-Thumbs@2x.png */ = {isa = PBXFileReference; lastKnownFileType = image.png; name = "PracticalLockPicking-Thumbs@2x.png"; path = "Graphics/PracticalLockPicking-Thumbs@2x.png"; sourceTree = "<group>"; };
		45AB72DB141FC039003524C3 /* PracticalLockPicking.pdf */ = {isa = PBXFileReference; lastKnownFileType = image.pdf; name = PracticalLockPicking.pdf; path = Resources/PracticalLockPicking.pdf; sourceTree = "<group>"; };
		45AB72DD141FC043003524C3 /* LICENSE.md */ = {isa = PBXFileReference; fileEncoding = 4; indentWidth = 8; lastKnownFileType = text; path = LICENSE.md; sourceTree = "<group>"; tabWidth = 8; };
		45AB72DF141FC04B003524C3 /* README.md */ = {isa = PBXFileReference; fileEncoding = 4; indentWidth = 8; lastKnownFileType = text; path = README.md; sourceTree = "<group>"; tabWidth = 8; };
		45AB72E7141FC0A2003524C3 /* PracticalLockPickingAppDelegate.h */ = {isa = PBXFileReference; fileEncoding = 4; lastKnownFileType = sourcecode.c.h; path = PracticalLockPickingAppDelegate.h; sourceTree = "<group>"; };
		45AB72E8141FC0A2003524C3 /* PracticalLockPickingAppDelegate.m */ = {isa = PBXFileReference; fileEncoding = 4; lastKnownFileType = sourcecode.c.objc; path = PracticalLockPickingAppDelegate.m; sourceTree = "<group>"; };
		45AB72E9141FC0A2003524C3 /* PracticalLockPickingDemoController.h */ = {isa = PBXFileReference; fileEncoding = 4; lastKnownFileType = sourcecode.c.h; path = PracticalLockPickingDemoController.h; sourceTree = "<group>"; };
		45AB72EA141FC0A2003524C3 /* PracticalLockPickingDemoController.m */ = {isa = PBXFileReference; fileEncoding = 4; lastKnownFileType = sourcecode.c.objc; path = PracticalLockPickingDemoController.m; sourceTree = "<group>"; };
		45AB72ED141FC0B1003524C3 /* CGPDFDocument.h */ = {isa = PBXFileReference; fileEncoding = 4; lastKnownFileType = sourcecode.c.h; name = CGPDFDocument.h; path = Sources/CGPDFDocument.h; sourceTree = "<group>"; };
		45AB72EE141FC0B1003524C3 /* CGPDFDocument.m */ = {isa = PBXFileReference; fileEncoding = 4; lastKnownFileType = sourcecode.c.objc; name = CGPDFDocument.m; path = Sources/CGPDFDocument.m; sourceTree = "<group>"; };
		45AB72EF141FC0B1003524C3 /* PracticalLockPickingConstants.h */ = {isa = PBXFileReference; fileEncoding = 4; lastKnownFileType = sourcecode.c.h; name = PracticalLockPickingConstants.h; path = Sources/PracticalLockPickingConstants.h; sourceTree = "<group>"; };
		45AB72F0141FC0B1003524C3 /* PracticalLockPickingConstants.m */ = {isa = PBXFileReference; fileEncoding = 4; lastKnownFileType = sourcecode.c.objc; name = PracticalLockPickingConstants.m; path = Sources/PracticalLockPickingConstants.m; sourceTree = "<group>"; };
		45AB72F1141FC0B1003524C3 /* PracticalLockPickingContentPage.h */ = {isa = PBXFileReference; fileEncoding = 4; lastKnownFileType = sourcecode.c.h; name = PracticalLockPickingContentPage.h; path = Sources/PracticalLockPickingContentPage.h; sourceTree = "<group>"; };
		45AB72F2141FC0B1003524C3 /* PracticalLockPickingContentPage.m */ = {isa = PBXFileReference; fileEncoding = 4; lastKnownFileType = sourcecode.c.objc; name = PracticalLockPickingContentPage.m; path = Sources/PracticalLockPickingContentPage.m; sourceTree = "<group>"; };
		45AB72F3141FC0B1003524C3 /* PracticalLockPickingContentTile.h */ = {isa = PBXFileReference; fileEncoding = 4; lastKnownFileType = sourcecode.c.h; name = PracticalLockPickingContentTile.h; path = Sources/PracticalLockPickingContentTile.h; sourceTree = "<group>"; };
		45AB72F4141FC0B1003524C3 /* PracticalLockPickingContentTile.m */ = {isa = PBXFileReference; fileEncoding = 4; lastKnownFileType = sourcecode.c.objc; name = PracticalLockPickingContentTile.m; path = Sources/PracticalLockPickingContentTile.m; sourceTree = "<group>"; };
		45AB72F5141FC0B1003524C3 /* PracticalLockPickingContentView.h */ = {isa = PBXFileReference; fileEncoding = 4; lastKnownFileType = sourcecode.c.h; name = PracticalLockPickingContentView.h; path = Sources/PracticalLockPickingContentView.h; sourceTree = "<group>"; };
		45AB72F6141FC0B1003524C3 /* PracticalLockPickingContentView.m */ = {isa = PBXFileReference; fileEncoding = 4; lastKnownFileType = sourcecode.c.objc; name = PracticalLockPickingContentView.m; path = Sources/PracticalLockPickingContentView.m; sourceTree = "<group>"; };
		45AB72F7141FC0B1003524C3 /* PracticalLockPickingDocument.h */ = {isa = PBXFileReference; fileEncoding = 4; lastKnownFileType = sourcecode.c.h; name = PracticalLockPickingDocument.h; path = Sources/PracticalLockPickingDocument.h; sourceTree = "<group>"; };
		45AB72F8141FC0B1003524C3 /* PracticalLockPickingDocument.m */ = {isa = PBXFileReference; fileEncoding = 4; lastKnownFileType = sourcecode.c.objc; name = PracticalLockPickingDocument.m; path = Sources/PracticalLockPickingDocument.m; sourceTree = "<group>"; };
		45AB72F9141FC0B1003524C3 /* PracticalLockPickingMainPagebar.h */ = {isa = PBXFileReference; fileEncoding = 4; lastKnownFileType = sourcecode.c.h; name = PracticalLockPickingMainPagebar.h; path = Sources/PracticalLockPickingMainPagebar.h; sourceTree = "<group>"; };
		45AB72FA141FC0B1003524C3 /* PracticalLockPickingMainPagebar.m */ = {isa = PBXFileReference; fileEncoding = 4; lastKnownFileType = sourcecode.c.objc; name = PracticalLockPickingMainPagebar.m; path = Sources/PracticalLockPickingMainPagebar.m; sourceTree = "<group>"; };
		45AB72FB141FC0B1003524C3 /* PracticalLockPickingMainToolbar.h */ = {isa = PBXFileReference; fileEncoding = 4; lastKnownFileType = sourcecode.c.h; name = PracticalLockPickingMainToolbar.h; path = Sources/PracticalLockPickingMainToolbar.h; sourceTree = "<group>"; };
		45AB72FC141FC0B1003524C3 /* PracticalLockPickingMainToolbar.m */ = {isa = PBXFileReference; fileEncoding = 4; lastKnownFileType = sourcecode.c.objc; name = PracticalLockPickingMainToolbar.m; path = Sources/PracticalLockPickingMainToolbar.m; sourceTree = "<group>"; };
		45AB72FF141FC0B1003524C3 /* PracticalLockPickingThumbCache.h */ = {isa = PBXFileReference; fileEncoding = 4; lastKnownFileType = sourcecode.c.h; name = PracticalLockPickingThumbCache.h; path = Sources/PracticalLockPickingThumbCache.h; sourceTree = "<group>"; };
		45AB7300141FC0B1003524C3 /* PracticalLockPickingThumbCache.m */ = {isa = PBXFileReference; fileEncoding = 4; lastKnownFileType = sourcecode.c.objc; name = PracticalLockPickingThumbCache.m; path = Sources/PracticalLockPickingThumbCache.m; sourceTree = "<group>"; };
		45AB7301141FC0B1003524C3 /* PracticalLockPickingThumbFetch.h */ = {isa = PBXFileReference; fileEncoding = 4; lastKnownFileType = sourcecode.c.h; name = PracticalLockPickingThumbFetch.h; path = Sources/PracticalLockPickingThumbFetch.h; sourceTree = "<group>"; };
		45AB7302141FC0B1003524C3 /* PracticalLockPickingThumbFetch.m */ = {isa = PBXFileReference; fileEncoding = 4; lastKnownFileType = sourcecode.c.objc; name = PracticalLockPickingThumbFetch.m; path = Sources/PracticalLockPickingThumbFetch.m; sourceTree = "<group>"; };
		45AB7303141FC0B1003524C3 /* PracticalLockPickingThumbQueue.h */ = {isa = PBXFileReference; fileEncoding = 4; lastKnownFileType = sourcecode.c.h; name = PracticalLockPickingThumbQueue.h; path = Sources/PracticalLockPickingThumbQueue.h; sourceTree = "<group>"; };
		45AB7304141FC0B1003524C3 /* PracticalLockPickingThumbQueue.m */ = {isa = PBXFileReference; fileEncoding = 4; lastKnownFileType = sourcecode.c.objc; name = PracticalLockPickingThumbQueue.m; path = Sources/PracticalLockPickingThumbQueue.m; sourceTree = "<group>"; };
		45AB7305141FC0B1003524C3 /* PracticalLockPickingThumbRender.h */ = {isa = PBXFileReference; fileEncoding = 4; lastKnownFileType = sourcecode.c.h; name = PracticalLockPickingThumbRender.h; path = Sources/PracticalLockPickingThumbRender.h; sourceTree = "<group>"; };
		45AB7306141FC0B1003524C3 /* PracticalLockPickingThumbRender.m */ = {isa = PBXFileReference; fileEncoding = 4; lastKnownFileType = sourcecode.c.objc; name = PracticalLockPickingThumbRender.m; path = Sources/PracticalLockPickingThumbRender.m; sourceTree = "<group>"; };
		45AB7307141FC0B1003524C3 /* PracticalLockPickingThumbRequest.h */ = {isa = PBXFileReference; fileEncoding = 4; lastKnownFileType = sourcecode.c.h; name = PracticalLockPickingThumbRequest.h; path = Sources/PracticalLockPickingThumbRequest.h; sourceTree = "<group>"; };
		45AB7308141FC0B1003524C3 /* PracticalLockPickingThumbRequest.m */ = {isa = PBXFileReference; fileEncoding = 4; lastKnownFileType = sourcecode.c.objc; name = PracticalLockPickingThumbRequest.m; path = Sources/PracticalLockPickingThumbRequest.m; sourceTree = "<group>"; };
		45AB7309141FC0B1003524C3 /* PracticalLockPickingThumbsView.h */ = {isa = PBXFileReference; fileEncoding = 4; lastKnownFileType = sourcecode.c.h; name = PracticalLockPickingThumbsView.h; path = Sources/PracticalLockPickingThumbsView.h; sourceTree = "<group>"; };
		45AB730A141FC0B1003524C3 /* PracticalLockPickingThumbsView.m */ = {isa = PBXFileReference; fileEncoding = 4; lastKnownFileType = sourcecode.c.objc; name = PracticalLockPickingThumbsView.m; path = Sources/PracticalLockPickingThumbsView.m; sourceTree = "<group>"; };
		45AB730B141FC0B1003524C3 /* PracticalLockPickingThumbView.h */ = {isa = PBXFileReference; fileEncoding = 4; lastKnownFileType = sourcecode.c.h; name = PracticalLockPickingThumbView.h; path = Sources/PracticalLockPickingThumbView.h; sourceTree = "<group>"; };
		45AB730C141FC0B1003524C3 /* PracticalLockPickingThumbView.m */ = {isa = PBXFileReference; fileEncoding = 4; lastKnownFileType = sourcecode.c.objc; name = PracticalLockPickingThumbView.m; path = Sources/PracticalLockPickingThumbView.m; sourceTree = "<group>"; };
		45AB730D141FC0B1003524C3 /* PracticalLockPickingViewController.h */ = {isa = PBXFileReference; fileEncoding = 4; lastKnownFileType = sourcecode.c.h; name = PracticalLockPickingViewController.h; path = Sources/PracticalLockPickingViewController.h; sourceTree = "<group>"; };
		45AB730E141FC0B1003524C3 /* PracticalLockPickingViewController.m */ = {isa = PBXFileReference; fileEncoding = 4; lastKnownFileType = sourcecode.c.objc; name = PracticalLockPickingViewController.m; path = Sources/PracticalLockPickingViewController.m; sourceTree = "<group>"; };
		45AB730F141FC0B1003524C3 /* ThumbsMainToolbar.h */ = {isa = PBXFileReference; fileEncoding = 4; lastKnownFileType = sourcecode.c.h; name = ThumbsMainToolbar.h; path = Sources/ThumbsMainToolbar.h; sourceTree = "<group>"; };
		45AB7310141FC0B1003524C3 /* ThumbsMainToolbar.m */ = {isa = PBXFileReference; fileEncoding = 4; lastKnownFileType = sourcecode.c.objc; name = ThumbsMainToolbar.m; path = Sources/ThumbsMainToolbar.m; sourceTree = "<group>"; };
		45AB7311141FC0B1003524C3 /* ThumbsViewController.h */ = {isa = PBXFileReference; fileEncoding = 4; lastKnownFileType = sourcecode.c.h; name = ThumbsViewController.h; path = Sources/ThumbsViewController.h; sourceTree = "<group>"; };
		45AB7312141FC0B1003524C3 /* ThumbsViewController.m */ = {isa = PBXFileReference; fileEncoding = 4; lastKnownFileType = sourcecode.c.objc; name = ThumbsViewController.m; path = Sources/ThumbsViewController.m; sourceTree = "<group>"; };
		45BD5AFD13AE721A00D6FE97 /* MessageUI.framework */ = {isa = PBXFileReference; lastKnownFileType = wrapper.framework; name = MessageUI.framework; path = System/Library/Frameworks/MessageUI.framework; sourceTree = SDKROOT; };
		45D5AD9E1610E66B00706B9A /* HISTORY.md */ = {isa = PBXFileReference; fileEncoding = 4; lastKnownFileType = text; path = HISTORY.md; sourceTree = "<group>"; };
		45D5ADA11610EADC00706B9A /* PracticalLockPickingDocumentOutline.h */ = {isa = PBXFileReference; fileEncoding = 4; lastKnownFileType = sourcecode.c.h; name = PracticalLockPickingDocumentOutline.h; path = Sources/PracticalLockPickingDocumentOutline.h; sourceTree = "<group>"; };
		45D5ADA21610EADC00706B9A /* PracticalLockPickingDocumentOutline.m */ = {isa = PBXFileReference; fileEncoding = 4; lastKnownFileType = sourcecode.c.objc; name = PracticalLockPickingDocumentOutline.m; path = Sources/PracticalLockPickingDocumentOutline.m; sourceTree = "<group>"; };
		45D9842F1C501B0300ADFD5E /* PracticalLockPicking-Button-H@3x.png */ = {isa = PBXFileReference; lastKnownFileType = image.png; name = "PracticalLockPicking-Button-H@3x.png"; path = "Graphics/PracticalLockPicking-Button-H@3x.png"; sourceTree = "<group>"; };
		45D984301C501B0300ADFD5E /* PracticalLockPicking-Button-N@3x.png */ = {isa = PBXFileReference; lastKnownFileType = image.png; name = "PracticalLockPicking-Button-N@3x.png"; path = "Graphics/PracticalLockPicking-Button-N@3x.png"; sourceTree = "<group>"; };
		45D984311C501B0300ADFD5E /* PracticalLockPicking-Email@3x.png */ = {isa = PBXFileReference; lastKnownFileType = image.png; name = "PracticalLockPicking-Email@3x.png"; path = "Graphics/PracticalLockPicking-Email@3x.png"; sourceTree = "<group>"; };
		45D984321C501B0300ADFD5E /* PracticalLockPicking-Export@3x.png */ = {isa = PBXFileReference; lastKnownFileType = image.png; name = "PracticalLockPicking-Export@3x.png"; path = "Graphics/PracticalLockPicking-Export@3x.png"; sourceTree = "<group>"; };
		45D984331C501B0300ADFD5E /* PracticalLockPicking-Mark-N@3x.png */ = {isa = PBXFileReference; lastKnownFileType = image.png; name = "PracticalLockPicking-Mark-N@3x.png"; path = "Graphics/PracticalLockPicking-Mark-N@3x.png"; sourceTree = "<group>"; };
		45D984341C501B0300ADFD5E /* PracticalLockPicking-Mark-Y@3x.png */ = {isa = PBXFileReference; lastKnownFileType = image.png; name = "PracticalLockPicking-Mark-Y@3x.png"; path = "Graphics/PracticalLockPicking-Mark-Y@3x.png"; sourceTree = "<group>"; };
		45D984351C501B0300ADFD5E /* PracticalLockPicking-Print@3x.png */ = {isa = PBXFileReference; lastKnownFileType = image.png; name = "PracticalLockPicking-Print@3x.png"; path = "Graphics/PracticalLockPicking-Print@3x.png"; sourceTree = "<group>"; };
		45D984361C501B0300ADFD5E /* PracticalLockPicking-Thumbs@3x.png */ = {isa = PBXFileReference; lastKnownFileType = image.png; name = "PracticalLockPicking-Thumbs@3x.png"; path = "Graphics/PracticalLockPicking-Thumbs@3x.png"; sourceTree = "<group>"; };
		48B2A11D1CF0329100567A7C /* 1aa6d0d27c09f49d510d522edf00c4a3c9943e13.pdf */ = {isa = PBXFileReference; lastKnownFileType = image.pdf; name = 1aa6d0d27c09f49d510d522edf00c4a3c9943e13.pdf; path = Resources/1aa6d0d27c09f49d510d522edf00c4a3c9943e13.pdf; sourceTree = "<group>"; };
		8D1107310486CEB800E47090 /* PracticalLockPicking-Info.plist */ = {isa = PBXFileReference; fileEncoding = 4; lastKnownFileType = text.plist.xml; path = "PracticalLockPicking-Info.plist"; plistStructureDefinitionIdentifier = "com.apple.xcode.plist.structure-definition.iphone.info-plist"; sourceTree = "<group>"; };
/* End PBXFileReference section */

/* Begin PBXFrameworksBuildPhase section */
		1D60588F0D05DD3D006BFB54 /* Frameworks */ = {
			isa = PBXFrameworksBuildPhase;
			buildActionMask = 2147483647;
			files = (
				1DF5F4E00D08C38300B7A737 /* UIKit.framework in Frameworks */,
				1D60589F0D05DD5A006BFB54 /* Foundation.framework in Frameworks */,
				288765FD0DF74451002DB57D /* CoreGraphics.framework in Frameworks */,
				450A670411D27B9D00014BF5 /* QuartzCore.framework in Frameworks */,
				45BD5AFE13AE721A00D6FE97 /* MessageUI.framework in Frameworks */,
				458DDFD7140D45FA00C5DA94 /* ImageIO.framework in Frameworks */,
			);
			runOnlyForDeploymentPostprocessing = 0;
		};
/* End PBXFrameworksBuildPhase section */

/* Begin PBXGroup section */
		080E96DDFE201D6D7F000001 /* Classes */ = {
			isa = PBXGroup;
			children = (
				45AB72E7141FC0A2003524C3 /* PracticalLockPickingAppDelegate.h */,
				45AB72E8141FC0A2003524C3 /* PracticalLockPickingAppDelegate.m */,
				45AB72E9141FC0A2003524C3 /* PracticalLockPickingDemoController.h */,
				45AB72EA141FC0A2003524C3 /* PracticalLockPickingDemoController.m */,
				4555C74A14211A00005F448D /* PracticalLockPickingBookDelegate.h */,
				4555C74B14211A00005F448D /* PracticalLockPickingBookDelegate.m */,
			);
			path = Classes;
			sourceTree = "<group>";
		};
		19C28FACFE9D520D11CA2CBB /* Products */ = {
			isa = PBXGroup;
			children = (
				1D6058910D05DD3D006BFB54 /* PracticalLockPicking.app */,
			);
			name = Products;
			sourceTree = "<group>";
		};
		29B97314FDCFA39411CA2CEA /* CustomTemplate */ = {
			isa = PBXGroup;
			children = (
				080E96DDFE201D6D7F000001 /* Classes */,
				45943FC217FDC9ED003CC77A /* PracticalLockPicking */,
				29B97315FDCFA39411CA2CEA /* Support Files */,
				29B97317FDCFA39411CA2CEA /* Resources */,
				450A66D911D27B5800014BF5 /* Graphics */,
				29B97323FDCFA39411CA2CEA /* Frameworks */,
				19C28FACFE9D520D11CA2CBB /* Products */,
			);
			name = CustomTemplate;
			sourceTree = "<group>";
		};
		29B97315FDCFA39411CA2CEA /* Support Files */ = {
			isa = PBXGroup;
			children = (
				4513ACFC19C4A636004916D1 /* Todo.txt */,
				8D1107310486CEB800E47090 /* PracticalLockPicking-Info.plist */,
				32CA4F630368D1EE00C91783 /* PracticalLockPicking-Prefix.pch */,
				29B97316FDCFA39411CA2CEA /* main.m */,
			);
			name = "Support Files";
			sourceTree = "<group>";
		};
		29B97317FDCFA39411CA2CEA /* Resources */ = {
			isa = PBXGroup;
			children = (
				4541A9D7122EA716001A5E60 /* Localizable.strings */,
				4524A6EF1C5011D700D7DF7F /* PracticalLockPicking-App.storyboard */,
				45AB72DF141FC04B003524C3 /* README.md */,
				45D5AD9E1610E66B00706B9A /* HISTORY.md */,
				45AB72DD141FC043003524C3 /* LICENSE.md */,
				48B2A11D1CF0329100567A7C /* 1aa6d0d27c09f49d510d522edf00c4a3c9943e13.pdf */,
				45AB72DB141FC039003524C3 /* PracticalLockPicking.pdf */,
			);
			name = Resources;
			sourceTree = "<group>";
		};
		29B97323FDCFA39411CA2CEA /* Frameworks */ = {
			isa = PBXGroup;
			children = (
				1DF5F4DF0D08C38300B7A737 /* UIKit.framework */,
				1D30AB110D05D00D00671497 /* Foundation.framework */,
				288765FC0DF74451002DB57D /* CoreGraphics.framework */,
				450A670311D27B9D00014BF5 /* QuartzCore.framework */,
				45BD5AFD13AE721A00D6FE97 /* MessageUI.framework */,
				458DDFD6140D45FA00C5DA94 /* ImageIO.framework */,
			);
			name = Frameworks;
			sourceTree = "<group>";
		};
		450A66D911D27B5800014BF5 /* Graphics */ = {
			isa = PBXGroup;
			children = (
				45943FC317FDCA36003CC77A /* App */,
				45943FC417FDCA3E003CC77A /* PracticalLockPicking */,
			);
			name = Graphics;
			sourceTree = "<group>";
		};
		45943FC217FDC9ED003CC77A /* PracticalLockPicking */ = {
			isa = PBXGroup;
			children = (
				45BD5A7C13AE6C3B00D6FE97 /* Sources */,
				45CED630140BD22A0092F460 /* Support */,
			);
			name = PracticalLockPicking;
			sourceTree = "<group>";
		};
		45943FC317FDCA36003CC77A /* App */ = {
			isa = PBXGroup;
			children = (
				45AB72B9141FBFCA003524C3 /* AppIcon-057.png */,
				45AB72BA141FBFCA003524C3 /* AppIcon-072.png */,
				4544394517FDD5E700781873 /* AppIcon-076.png */,
				45AB72BB141FBFCA003524C3 /* AppIcon-114.png */,
				4544394617FDD5E700781873 /* AppIcon-120.png */,
				4583767E1533B0AC003CD230 /* AppIcon-144.png */,
				4544394717FDD5E700781873 /* AppIcon-152.png */,
				4524A6ED1C500F2F00D7DF7F /* AppIcon-167.png */,
				4513ACFA19C4A1FB004916D1 /* AppIcon-180.png */,
				4544D87B1610A3C2003DB132 /* Default-568h@2x.png */,
				45699AAF1A321F6100808606 /* Default-667h@2x.png */,
				45699AB01A321F6100808606 /* Default-736h@3x.png */,
			);
			name = App;
			sourceTree = "<group>";
		};
		45943FC417FDCA3E003CC77A /* PracticalLockPicking */ = {
			isa = PBXGroup;
			children = (
				455C789914268F6A0053D73B /* PracticalLockPicking-Button-H.png */,
				455C789A14268F6A0053D73B /* PracticalLockPicking-Button-H@2x.png */,
				45D9842F1C501B0300ADFD5E /* PracticalLockPicking-Button-H@3x.png */,
				455C789B14268F6A0053D73B /* PracticalLockPicking-Button-N.png */,
				455C789C14268F6A0053D73B /* PracticalLockPicking-Button-N@2x.png */,
				45D984301C501B0300ADFD5E /* PracticalLockPicking-Button-N@3x.png */,
				45AB72BC141FBFCA003524C3 /* PracticalLockPicking-Email.png */,
				45AB72BD141FBFCA003524C3 /* PracticalLockPicking-Email@2x.png */,
				45D984311C501B0300ADFD5E /* PracticalLockPicking-Email@3x.png */,
				4521AB3D19C5EE6000B16688 /* PracticalLockPicking-Export.png */,
				4521AB3E19C5EE6000B16688 /* PracticalLockPicking-Export@2x.png */,
				45D984321C501B0300ADFD5E /* PracticalLockPicking-Export@3x.png */,
				45AB72BE141FBFCA003524C3 /* PracticalLockPicking-Mark-N.png */,
				45AB72BF141FBFCA003524C3 /* PracticalLockPicking-Mark-N@2x.png */,
				45D984331C501B0300ADFD5E /* PracticalLockPicking-Mark-N@3x.png */,
				45AB72C0141FBFCA003524C3 /* PracticalLockPicking-Mark-Y.png */,
				45AB72C1141FBFCA003524C3 /* PracticalLockPicking-Mark-Y@2x.png */,
				45D984341C501B0300ADFD5E /* PracticalLockPicking-Mark-Y@3x.png */,
				45AB72C2141FBFCA003524C3 /* PracticalLockPicking-Print.png */,
				45AB72C3141FBFCA003524C3 /* PracticalLockPicking-Print@2x.png */,
				45D984351C501B0300ADFD5E /* PracticalLockPicking-Print@3x.png */,
				45AB72C4141FBFCA003524C3 /* PracticalLockPicking-Thumbs.png */,
				45AB72C5141FBFCA003524C3 /* PracticalLockPicking-Thumbs@2x.png */,
				45D984361C501B0300ADFD5E /* PracticalLockPicking-Thumbs@3x.png */,
			);
			name = PracticalLockPicking;
			sourceTree = "<group>";
		};
		45BD5A7C13AE6C3B00D6FE97 /* Sources */ = {
			isa = PBXGroup;
			children = (
				45AB72EF141FC0B1003524C3 /* PracticalLockPickingConstants.h */,
				45AB72F0141FC0B1003524C3 /* PracticalLockPickingConstants.m */,
				45AB72F7141FC0B1003524C3 /* PracticalLockPickingDocument.h */,
				45AB72F8141FC0B1003524C3 /* PracticalLockPickingDocument.m */,
				45AB730D141FC0B1003524C3 /* PracticalLockPickingViewController.h */,
				45AB730E141FC0B1003524C3 /* PracticalLockPickingViewController.m */,
				45AB72FB141FC0B1003524C3 /* PracticalLockPickingMainToolbar.h */,
				45AB72FC141FC0B1003524C3 /* PracticalLockPickingMainToolbar.m */,
				45AB72F9141FC0B1003524C3 /* PracticalLockPickingMainPagebar.h */,
				45AB72FA141FC0B1003524C3 /* PracticalLockPickingMainPagebar.m */,
				45AB72F5141FC0B1003524C3 /* PracticalLockPickingContentView.h */,
				45AB72F6141FC0B1003524C3 /* PracticalLockPickingContentView.m */,
				45AB72F1141FC0B1003524C3 /* PracticalLockPickingContentPage.h */,
				45AB72F2141FC0B1003524C3 /* PracticalLockPickingContentPage.m */,
				45AB72F3141FC0B1003524C3 /* PracticalLockPickingContentTile.h */,
				45AB72F4141FC0B1003524C3 /* PracticalLockPickingContentTile.m */,
				45AB7311141FC0B1003524C3 /* ThumbsViewController.h */,
				45AB7312141FC0B1003524C3 /* ThumbsViewController.m */,
				45AB730F141FC0B1003524C3 /* ThumbsMainToolbar.h */,
				45AB7310141FC0B1003524C3 /* ThumbsMainToolbar.m */,
			);
			name = Sources;
			sourceTree = "<group>";
		};
		45CED630140BD22A0092F460 /* Support */ = {
			isa = PBXGroup;
			children = (
				45AB72ED141FC0B1003524C3 /* CGPDFDocument.h */,
				45AB72EE141FC0B1003524C3 /* CGPDFDocument.m */,
				45D5ADA11610EADC00706B9A /* PracticalLockPickingDocumentOutline.h */,
				45D5ADA21610EADC00706B9A /* PracticalLockPickingDocumentOutline.m */,
				45AB7307141FC0B1003524C3 /* PracticalLockPickingThumbRequest.h */,
				45AB7308141FC0B1003524C3 /* PracticalLockPickingThumbRequest.m */,
				45AB72FF141FC0B1003524C3 /* PracticalLockPickingThumbCache.h */,
				45AB7300141FC0B1003524C3 /* PracticalLockPickingThumbCache.m */,
				45AB7303141FC0B1003524C3 /* PracticalLockPickingThumbQueue.h */,
				45AB7304141FC0B1003524C3 /* PracticalLockPickingThumbQueue.m */,
				45AB7301141FC0B1003524C3 /* PracticalLockPickingThumbFetch.h */,
				45AB7302141FC0B1003524C3 /* PracticalLockPickingThumbFetch.m */,
				45AB7305141FC0B1003524C3 /* PracticalLockPickingThumbRender.h */,
				45AB7306141FC0B1003524C3 /* PracticalLockPickingThumbRender.m */,
				45AB7309141FC0B1003524C3 /* PracticalLockPickingThumbsView.h */,
				45AB730A141FC0B1003524C3 /* PracticalLockPickingThumbsView.m */,
				45AB730B141FC0B1003524C3 /* PracticalLockPickingThumbView.h */,
				45AB730C141FC0B1003524C3 /* PracticalLockPickingThumbView.m */,
				455C788F142687CA0053D73B /* UIXToolbarView.h */,
				455C7890142687CA0053D73B /* UIXToolbarView.m */,
			);
			name = Support;
			sourceTree = "<group>";
		};
/* End PBXGroup section */

/* Begin PBXNativeTarget section */
		1D6058900D05DD3D006BFB54 /* PracticalLockPicking */ = {
			isa = PBXNativeTarget;
			buildConfigurationList = 1D6058960D05DD3E006BFB54 /* Build configuration list for PBXNativeTarget "PracticalLockPicking" */;
			buildPhases = (
				1D60588D0D05DD3D006BFB54 /* Resources */,
				1D60588E0D05DD3D006BFB54 /* Sources */,
				1D60588F0D05DD3D006BFB54 /* Frameworks */,
			);
			buildRules = (
			);
			dependencies = (
			);
			name = PracticalLockPicking;
			productName = PracticalLockPicking;
			productReference = 1D6058910D05DD3D006BFB54 /* PracticalLockPicking.app */;
			productType = "com.apple.product-type.application";
		};
/* End PBXNativeTarget section */

/* Begin PBXProject section */
		29B97313FDCFA39411CA2CEA /* Project object */ = {
			isa = PBXProject;
			attributes = {
				LastUpgradeCheck = 0720;
			};
			buildConfigurationList = C01FCF4E08A954540054247B /* Build configuration list for PBXProject "PracticalLockPicking" */;
			compatibilityVersion = "Xcode 3.2";
			developmentRegion = en;
			hasScannedForEncodings = 1;
			knownRegions = (
				en,
				de,
				fr,
				es,
			);
			mainGroup = 29B97314FDCFA39411CA2CEA /* CustomTemplate */;
			projectDirPath = "";
			projectRoot = "";
			targets = (
				1D6058900D05DD3D006BFB54 /* PracticalLockPicking */,
			);
		};
/* End PBXProject section */

/* Begin PBXResourcesBuildPhase section */
		1D60588D0D05DD3D006BFB54 /* Resources */ = {
			isa = PBXResourcesBuildPhase;
			buildActionMask = 2147483647;
			files = (
				4541A9D8122EA716001A5E60 /* Localizable.strings in Resources */,
				45699AB31A321F6100808606 /* Default-667h@2x.png in Resources */,
				45AB72C6141FBFCA003524C3 /* AppIcon-057.png in Resources */,
				45D984391C501B0300ADFD5E /* PracticalLockPicking-Email@3x.png in Resources */,
				45AB72C7141FBFCA003524C3 /* AppIcon-072.png in Resources */,
				45AB72C8141FBFCA003524C3 /* AppIcon-114.png in Resources */,
				45D984371C501B0300ADFD5E /* PracticalLockPicking-Button-H@3x.png in Resources */,
				4524A6EE1C500F2F00D7DF7F /* AppIcon-167.png in Resources */,
				45AB72C9141FBFCA003524C3 /* PracticalLockPicking-Email.png in Resources */,
				45AB72CA141FBFCA003524C3 /* PracticalLockPicking-Email@2x.png in Resources */,
				45AB72CB141FBFCA003524C3 /* PracticalLockPicking-Mark-N.png in Resources */,
				45AB72CC141FBFCA003524C3 /* PracticalLockPicking-Mark-N@2x.png in Resources */,
				45D9843E1C501B0300ADFD5E /* PracticalLockPicking-Thumbs@3x.png in Resources */,
				45AB72CD141FBFCA003524C3 /* PracticalLockPicking-Mark-Y.png in Resources */,
				45AB72CE141FBFCA003524C3 /* PracticalLockPicking-Mark-Y@2x.png in Resources */,
				45AB72CF141FBFCA003524C3 /* PracticalLockPicking-Print.png in Resources */,
				45AB72D0141FBFCA003524C3 /* PracticalLockPicking-Print@2x.png in Resources */,
				45699AB41A321F6100808606 /* Default-736h@3x.png in Resources */,
				45AB72D1141FBFCA003524C3 /* PracticalLockPicking-Thumbs.png in Resources */,
				45AB72D2141FBFCA003524C3 /* PracticalLockPicking-Thumbs@2x.png in Resources */,
				45D984381C501B0300ADFD5E /* PracticalLockPicking-Button-N@3x.png in Resources */,
				4521AB4019C5EE6000B16688 /* PracticalLockPicking-Export@2x.png in Resources */,
				4513ACFB19C4A1FB004916D1 /* AppIcon-180.png in Resources */,
				45AB72DC141FC039003524C3 /* PracticalLockPicking.pdf in Resources */,
				45D9843A1C501B0300ADFD5E /* PracticalLockPicking-Export@3x.png in Resources */,
				45D9843B1C501B0300ADFD5E /* PracticalLockPicking-Mark-N@3x.png in Resources */,
				455C789D14268F6A0053D73B /* PracticalLockPicking-Button-H.png in Resources */,
				48B2A11E1CF0329100567A7C /* 1aa6d0d27c09f49d510d522edf00c4a3c9943e13.pdf in Resources */,
				455C789E14268F6A0053D73B /* PracticalLockPicking-Button-H@2x.png in Resources */,
				455C789F14268F6A0053D73B /* PracticalLockPicking-Button-N.png in Resources */,
				4524A6F01C5011D700D7DF7F /* PracticalLockPicking-App.storyboard in Resources */,
				455C78A014268F6A0053D73B /* PracticalLockPicking-Button-N@2x.png in Resources */,
				45D9843D1C501B0300ADFD5E /* PracticalLockPicking-Print@3x.png in Resources */,
				45D9843C1C501B0300ADFD5E /* PracticalLockPicking-Mark-Y@3x.png in Resources */,
				4583767F1533B0AC003CD230 /* AppIcon-144.png in Resources */,
				4544394917FDD5E700781873 /* AppIcon-120.png in Resources */,
				4544D87C1610A3C2003DB132 /* Default-568h@2x.png in Resources */,
				4521AB3F19C5EE6000B16688 /* PracticalLockPicking-Export.png in Resources */,
				4544394817FDD5E700781873 /* AppIcon-076.png in Resources */,
				4544394A17FDD5E700781873 /* AppIcon-152.png in Resources */,
			);
			runOnlyForDeploymentPostprocessing = 0;
		};
/* End PBXResourcesBuildPhase section */

/* Begin PBXSourcesBuildPhase section */
		1D60588E0D05DD3D006BFB54 /* Sources */ = {
			isa = PBXSourcesBuildPhase;
			buildActionMask = 2147483647;
			files = (
				1D60589B0D05DD56006BFB54 /* main.m in Sources */,
				45AB72EB141FC0A2003524C3 /* PracticalLockPickingAppDelegate.m in Sources */,
				45AB72EC141FC0A2003524C3 /* PracticalLockPickingDemoController.m in Sources */,
				45AB7313141FC0B1003524C3 /* CGPDFDocument.m in Sources */,
				45AB7314141FC0B1003524C3 /* PracticalLockPickingConstants.m in Sources */,
				45AB7315141FC0B1003524C3 /* PracticalLockPickingContentPage.m in Sources */,
				45AB7316141FC0B1003524C3 /* PracticalLockPickingContentTile.m in Sources */,
				45AB7317141FC0B1003524C3 /* PracticalLockPickingContentView.m in Sources */,
				45AB7318141FC0B1003524C3 /* PracticalLockPickingDocument.m in Sources */,
				45AB7319141FC0B1003524C3 /* PracticalLockPickingMainPagebar.m in Sources */,
				45AB731A141FC0B1003524C3 /* PracticalLockPickingMainToolbar.m in Sources */,
				45AB731C141FC0B1003524C3 /* PracticalLockPickingThumbCache.m in Sources */,
				45AB731D141FC0B1003524C3 /* PracticalLockPickingThumbFetch.m in Sources */,
				45AB731E141FC0B1003524C3 /* PracticalLockPickingThumbQueue.m in Sources */,
				45AB731F141FC0B1003524C3 /* PracticalLockPickingThumbRender.m in Sources */,
				45AB7320141FC0B1003524C3 /* PracticalLockPickingThumbRequest.m in Sources */,
				45AB7321141FC0B1003524C3 /* PracticalLockPickingThumbsView.m in Sources */,
				45AB7322141FC0B1003524C3 /* PracticalLockPickingThumbView.m in Sources */,
				45AB7323141FC0B1003524C3 /* PracticalLockPickingViewController.m in Sources */,
				45AB7324141FC0B1003524C3 /* ThumbsMainToolbar.m in Sources */,
				45AB7325141FC0B1003524C3 /* ThumbsViewController.m in Sources */,
				4555C74C14211A00005F448D /* PracticalLockPickingBookDelegate.m in Sources */,
				455C7891142687CA0053D73B /* UIXToolbarView.m in Sources */,
				45D5ADA31610EADD00706B9A /* PracticalLockPickingDocumentOutline.m in Sources */,
			);
			runOnlyForDeploymentPostprocessing = 0;
		};
/* End PBXSourcesBuildPhase section */

/* Begin PBXVariantGroup section */
		4541A9D7122EA716001A5E60 /* Localizable.strings */ = {
			isa = PBXVariantGroup;
			children = (
				4541A9D5122EA686001A5E60 /* en */,
				458BF155143E077500CDF567 /* de */,
				458F25911AC1D417000716F1 /* fr */,
				458F25921AC1D425000716F1 /* es */,
			);
			name = Localizable.strings;
			sourceTree = "<group>";
		};
/* End PBXVariantGroup section */

/* Begin XCBuildConfiguration section */
		1D6058940D05DD3E006BFB54 /* Debug */ = {
			isa = XCBuildConfiguration;
			buildSettings = {
				ALWAYS_SEARCH_USER_PATHS = NO;
				CLANG_ENABLE_OBJC_ARC = YES;
				COPY_PHASE_STRIP = NO;
				GCC_DYNAMIC_NO_PIC = NO;
				GCC_OPTIMIZATION_LEVEL = 0;
				GCC_PRECOMPILE_PREFIX_HEADER = YES;
				GCC_PREFIX_HEADER = "PracticalLockPicking-Prefix.pch";
				INFOPLIST_FILE = "PracticalLockPicking-Info.plist";
				PRODUCT_NAME = PracticalLockPicking;
			};
			name = Debug;
		};
		1D6058950D05DD3E006BFB54 /* Release */ = {
			isa = XCBuildConfiguration;
			buildSettings = {
				ALWAYS_SEARCH_USER_PATHS = NO;
				CLANG_ENABLE_OBJC_ARC = YES;
				COPY_PHASE_STRIP = YES;
				GCC_PRECOMPILE_PREFIX_HEADER = YES;
				GCC_PREFIX_HEADER = "PracticalLockPicking-Prefix.pch";
				INFOPLIST_FILE = "PracticalLockPicking-Info.plist";
				PRODUCT_NAME = PracticalLockPicking;
				VALIDATE_PRODUCT = YES;
			};
			name = Release;
		};
		458529CE13DDE2DF00EDC79D /* Testing */ = {
			isa = XCBuildConfiguration;
			buildSettings = {
				CLANG_WARN_BOOL_CONVERSION = YES;
				CLANG_WARN_CONSTANT_CONVERSION = YES;
				CLANG_WARN_EMPTY_BODY = YES;
				CLANG_WARN_ENUM_CONVERSION = YES;
				CLANG_WARN_INT_CONVERSION = YES;
				CLANG_WARN_UNREACHABLE_CODE = YES;
				CLANG_WARN__DUPLICATE_METHOD_MATCH = YES;
				"CODE_SIGN_IDENTITY[sdk=iphoneos*]" = "iPhone Developer";
				ENABLE_STRICT_OBJC_MSGSEND = YES;
				GCC_C_LANGUAGE_STANDARD = c99;
				GCC_MODEL_TUNING = "";
				GCC_NO_COMMON_BLOCKS = YES;
				GCC_PREPROCESSOR_DEFINITIONS = NDEBUG;
				GCC_VERSION = com.apple.compilers.llvm.clang.1_0;
				GCC_WARN_64_TO_32_BIT_CONVERSION = YES;
				GCC_WARN_ABOUT_RETURN_TYPE = YES;
				GCC_WARN_UNDECLARED_SELECTOR = YES;
				GCC_WARN_UNINITIALIZED_AUTOS = YES;
				GCC_WARN_UNUSED_FUNCTION = YES;
				GCC_WARN_UNUSED_VARIABLE = YES;
				IPHONEOS_DEPLOYMENT_TARGET = 6.0;
				OTHER_CFLAGS = "-DNS_BLOCK_ASSERTIONS=1";
				SDKROOT = iphoneos;
				TARGETED_DEVICE_FAMILY = "1,2";
			};
			name = Testing;
		};
		458529CF13DDE2DF00EDC79D /* Testing */ = {
			isa = XCBuildConfiguration;
			buildSettings = {
				ALWAYS_SEARCH_USER_PATHS = NO;
				CLANG_ENABLE_OBJC_ARC = YES;
				COPY_PHASE_STRIP = YES;
				GCC_PRECOMPILE_PREFIX_HEADER = YES;
				GCC_PREFIX_HEADER = "PracticalLockPicking-Prefix.pch";
				INFOPLIST_FILE = "PracticalLockPicking-Info.plist";
				PRODUCT_NAME = PracticalLockPicking;
			};
			name = Testing;
		};
		C01FCF4F08A954540054247B /* Debug */ = {
			isa = XCBuildConfiguration;
			buildSettings = {
				CLANG_WARN_BOOL_CONVERSION = YES;
				CLANG_WARN_CONSTANT_CONVERSION = YES;
				CLANG_WARN_EMPTY_BODY = YES;
				CLANG_WARN_ENUM_CONVERSION = YES;
				CLANG_WARN_INT_CONVERSION = YES;
				CLANG_WARN_UNREACHABLE_CODE = YES;
				CLANG_WARN__DUPLICATE_METHOD_MATCH = YES;
				"CODE_SIGN_IDENTITY[sdk=iphoneos*]" = "iPhone Developer";
				ENABLE_STRICT_OBJC_MSGSEND = YES;
				GCC_C_LANGUAGE_STANDARD = c99;
				GCC_MODEL_TUNING = "";
				GCC_NO_COMMON_BLOCKS = YES;
				GCC_PREPROCESSOR_DEFINITIONS = DEBUG;
				GCC_VERSION = com.apple.compilers.llvm.clang.1_0;
				GCC_WARN_64_TO_32_BIT_CONVERSION = YES;
				GCC_WARN_ABOUT_RETURN_TYPE = YES;
				GCC_WARN_UNDECLARED_SELECTOR = YES;
				GCC_WARN_UNINITIALIZED_AUTOS = YES;
				GCC_WARN_UNUSED_FUNCTION = YES;
				GCC_WARN_UNUSED_VARIABLE = YES;
				IPHONEOS_DEPLOYMENT_TARGET = 6.0;
				ONLY_ACTIVE_ARCH = YES;
				SDKROOT = iphoneos;
				TARGETED_DEVICE_FAMILY = "1,2";
			};
			name = Debug;
		};
		C01FCF5008A954540054247B /* Release */ = {
			isa = XCBuildConfiguration;
			buildSettings = {
				CLANG_WARN_BOOL_CONVERSION = YES;
				CLANG_WARN_CONSTANT_CONVERSION = YES;
				CLANG_WARN_EMPTY_BODY = YES;
				CLANG_WARN_ENUM_CONVERSION = YES;
				CLANG_WARN_INT_CONVERSION = YES;
				CLANG_WARN_UNREACHABLE_CODE = YES;
				CLANG_WARN__DUPLICATE_METHOD_MATCH = YES;
				"CODE_SIGN_IDENTITY[sdk=iphoneos*]" = "iPhone Developer";
				ENABLE_STRICT_OBJC_MSGSEND = YES;
				GCC_C_LANGUAGE_STANDARD = c99;
				GCC_MODEL_TUNING = "";
				GCC_NO_COMMON_BLOCKS = YES;
				GCC_PREPROCESSOR_DEFINITIONS = NDEBUG;
				GCC_VERSION = com.apple.compilers.llvm.clang.1_0;
				GCC_WARN_64_TO_32_BIT_CONVERSION = YES;
				GCC_WARN_ABOUT_RETURN_TYPE = YES;
				GCC_WARN_UNDECLARED_SELECTOR = YES;
				GCC_WARN_UNINITIALIZED_AUTOS = YES;
				GCC_WARN_UNUSED_FUNCTION = YES;
				GCC_WARN_UNUSED_VARIABLE = YES;
				IPHONEOS_DEPLOYMENT_TARGET = 6.0;
				OTHER_CFLAGS = "-DNS_BLOCK_ASSERTIONS=1";
				SDKROOT = iphoneos;
				TARGETED_DEVICE_FAMILY = "1,2";
			};
			name = Release;
		};
/* End XCBuildConfiguration section */

/* Begin XCConfigurationList section */
		1D6058960D05DD3E006BFB54 /* Build configuration list for PBXNativeTarget "PracticalLockPicking" */ = {
			isa = XCConfigurationList;
			buildConfigurations = (
				1D6058940D05DD3E006BFB54 /* Debug */,
				458529CF13DDE2DF00EDC79D /* Testing */,
				1D6058950D05DD3E006BFB54 /* Release */,
			);
			defaultConfigurationIsVisible = 0;
			defaultConfigurationName = Release;
		};
		C01FCF4E08A954540054247B /* Build configuration list for PBXProject "PracticalLockPicking" */ = {
			isa = XCConfigurationList;
			buildConfigurations = (
				C01FCF4F08A954540054247B /* Debug */,
				458529CE13DDE2DF00EDC79D /* Testing */,
				C01FCF5008A954540054247B /* Release */,
			);
			defaultConfigurationIsVisible = 0;
			defaultConfigurationName = Release;
		};
/* End XCConfigurationList section */
	};
	rootObject = 29B97313FDCFA39411CA2CEA /* Project object */;
}
